
Microsoft Visual Studio Solution File, Format Version 12.00
# Visual Studio 15
VisualStudioVersion = 15.0.28010.2036
MinimumVisualStudioVersion = 10.0.40219.1
Project("{FAE04EC0-301F-11D3-BF4B-00C04F79EFBC}") = "DataTypeFinder", "DataTypeFinder\DataTypeFinder.csproj", "{7AD9C622-171B-4581-AA1A-9797CA513173}"
EndProject
Project("{FAE04EC0-301F-11D3-BF4B-00C04F79EFBC}") = "LeftRightNumbers", "LeftRightNumbers\LeftRightNumbers.csproj", "{2977C9F7-E912-453F-9BF3-1249A396DF26}"
EndProject
Project("{FAE04EC0-301F-11D3-BF4B-00C04F79EFBC}") = "ExchangeIntegers", "ExchangeIntegers\ExchangeIntegers.csproj", "{D10707AE-9A32-4F59-B730-0BBB23C02846}"
EndProject
Project("{FAE04EC0-301F-11D3-BF4B-00C04F79EFBC}") = "FloatingEquality", "FloatingEquality\FloatingEquality.csproj", "{3D9B2408-55AF-4D86-8DB0-9CE80C1DDA8D}"
EndProject
Project("{FAE04EC0-301F-11D3-BF4B-00C04F79EFBC}") = "RefactoringPrimeChecker", "RefactoringPrimeChecker\RefactoringPrimeChecker.csproj", "{9E81A77B-F2FC-447E-9B88-E749E36FFFB1}"
EndProject
Global
	GlobalSection(SolutionConfigurationPlatforms) = preSolution
		Debug|Any CPU = Debug|Any CPU
		Release|Any CPU = Release|Any CPU
	EndGlobalSection
	GlobalSection(ProjectConfigurationPlatforms) = postSolution
		{7AD9C622-171B-4581-AA1A-9797CA513173}.Debug|Any CPU.ActiveCfg = Debug|Any CPU
		{7AD9C622-171B-4581-AA1A-9797CA513173}.Debug|Any CPU.Build.0 = Debug|Any CPU
		{7AD9C622-171B-4581-AA1A-9797CA513173}.Release|Any CPU.ActiveCfg = Release|Any CPU
		{7AD9C622-171B-4581-AA1A-9797CA513173}.Release|Any CPU.Build.0 = Release|Any CPU
		{2977C9F7-E912-453F-9BF3-1249A396DF26}.Debug|Any CPU.ActiveCfg = Debug|Any CPU
		{2977C9F7-E912-453F-9BF3-1249A396DF26}.Debug|Any CPU.Build.0 = Debug|Any CPU
		{2977C9F7-E912-453F-9BF3-1249A396DF26}.Release|Any CPU.ActiveCfg = Release|Any CPU
		{2977C9F7-E912-453F-9BF3-1249A396DF26}.Release|Any CPU.Build.0 = Release|Any CPU
		{D10707AE-9A32-4F59-B730-0BBB23C02846}.Debug|Any CPU.ActiveCfg = Debug|Any CPU
		{D10707AE-9A32-4F59-B730-0BBB23C02846}.Debug|Any CPU.Build.0 = Debug|Any CPU
		{D10707AE-9A32-4F59-B730-0BBB23C02846}.Release|Any CPU.ActiveCfg = Release|Any CPU
		{D10707AE-9A32-4F59-B730-0BBB23C02846}.Release|Any CPU.Build.0 = Release|Any CPU
		{3D9B2408-55AF-4D86-8DB0-9CE80C1DDA8D}.Debug|Any CPU.ActiveCfg = Debug|Any CPU
		{3D9B2408-55AF-4D86-8DB0-9CE80C1DDA8D}.Debug|Any CPU.Build.0 = Debug|Any CPU
		{3D9B2408-55AF-4D86-8DB0-9CE80C1DDA8D}.Release|Any CPU.ActiveCfg = Release|Any CPU
		{3D9B2408-55AF-4D86-8DB0-9CE80C1DDA8D}.Release|Any CPU.Build.0 = Release|Any CPU
		{9E81A77B-F2FC-447E-9B88-E749E36FFFB1}.Debug|Any CPU.ActiveCfg = Debug|Any CPU
		{9E81A77B-F2FC-447E-9B88-E749E36FFFB1}.Debug|Any CPU.Build.0 = Debug|Any CPU
		{9E81A77B-F2FC-447E-9B88-E749E36FFFB1}.Release|Any CPU.ActiveCfg = Release|Any CPU
		{9E81A77B-F2FC-447E-9B88-E749E36FFFB1}.Release|Any CPU.Build.0 = Release|Any CPU
	EndGlobalSection
	GlobalSection(SolutionProperties) = preSolution
		HideSolutionNode = FALSE
	EndGlobalSection
	GlobalSection(ExtensibilityGlobals) = postSolution
		SolutionGuid = {0FAB190B-2EC7-4782-AC01-D73B59C55187}
	EndGlobalSection
EndGlobal
