
Microsoft Visual Studio Solution File, Format Version 12.00
# Visual Studio 15
VisualStudioVersion = 15.0.28307.168
MinimumVisualStudioVersion = 10.0.40219.1
Project("{9A19103F-16F7-4668-BE54-9A1E7A4F7556}") = "CompanyRoster", "CompanyRoster\CompanyRoster.csproj", "{94AF86E0-9FD0-4496-9806-DE50748F4778}"
EndProject
Project("{9A19103F-16F7-4668-BE54-9A1E7A4F7556}") = "OldestFamilyMember", "OldestFamilyMember\OldestFamilyMember.csproj", "{7AD1445E-F20A-4D35-9A5E-2226502EF391}"
EndProject
Project("{FAE04EC0-301F-11D3-BF4B-00C04F79EFBC}") = "SpeedRacing", "SpeedRacing\SpeedRacing.csproj", "{83070F6B-0168-4D5D-A838-7698E8EBAE1F}"
EndProject
Project("{FAE04EC0-301F-11D3-BF4B-00C04F79EFBC}") = "CourierCompany", "CourierCompany\CourierCompany.csproj", "{7545EE92-ACDB-4A59-9AAC-405422818D1C}"
EndProject
Project("{FAE04EC0-301F-11D3-BF4B-00C04F79EFBC}") = "ShoppingSpree", "ShoppingSpree\ShoppingSpree.csproj", "{646E6E68-7AC4-418F-B418-2CE9BF2E15ED}"
EndProject
Global
	GlobalSection(SolutionConfigurationPlatforms) = preSolution
		Debug|Any CPU = Debug|Any CPU
		Release|Any CPU = Release|Any CPU
	EndGlobalSection
	GlobalSection(ProjectConfigurationPlatforms) = postSolution
		{94AF86E0-9FD0-4496-9806-DE50748F4778}.Debug|Any CPU.ActiveCfg = Debug|Any CPU
		{94AF86E0-9FD0-4496-9806-DE50748F4778}.Debug|Any CPU.Build.0 = Debug|Any CPU
		{94AF86E0-9FD0-4496-9806-DE50748F4778}.Release|Any CPU.ActiveCfg = Release|Any CPU
		{94AF86E0-9FD0-4496-9806-DE50748F4778}.Release|Any CPU.Build.0 = Release|Any CPU
		{7AD1445E-F20A-4D35-9A5E-2226502EF391}.Debug|Any CPU.ActiveCfg = Debug|Any CPU
		{7AD1445E-F20A-4D35-9A5E-2226502EF391}.Debug|Any CPU.Build.0 = Debug|Any CPU
		{7AD1445E-F20A-4D35-9A5E-2226502EF391}.Release|Any CPU.ActiveCfg = Release|Any CPU
		{7AD1445E-F20A-4D35-9A5E-2226502EF391}.Release|Any CPU.Build.0 = Release|Any CPU
		{83070F6B-0168-4D5D-A838-7698E8EBAE1F}.Debug|Any CPU.ActiveCfg = Debug|Any CPU
		{83070F6B-0168-4D5D-A838-7698E8EBAE1F}.Debug|Any CPU.Build.0 = Debug|Any CPU
		{83070F6B-0168-4D5D-A838-7698E8EBAE1F}.Release|Any CPU.ActiveCfg = Release|Any CPU
		{83070F6B-0168-4D5D-A838-7698E8EBAE1F}.Release|Any CPU.Build.0 = Release|Any CPU
		{7545EE92-ACDB-4A59-9AAC-405422818D1C}.Debug|Any CPU.ActiveCfg = Debug|Any CPU
		{7545EE92-ACDB-4A59-9AAC-405422818D1C}.Debug|Any CPU.Build.0 = Debug|Any CPU
		{7545EE92-ACDB-4A59-9AAC-405422818D1C}.Release|Any CPU.ActiveCfg = Release|Any CPU
		{7545EE92-ACDB-4A59-9AAC-405422818D1C}.Release|Any CPU.Build.0 = Release|Any CPU
		{646E6E68-7AC4-418F-B418-2CE9BF2E15ED}.Debug|Any CPU.ActiveCfg = Debug|Any CPU
		{646E6E68-7AC4-418F-B418-2CE9BF2E15ED}.Debug|Any CPU.Build.0 = Debug|Any CPU
		{646E6E68-7AC4-418F-B418-2CE9BF2E15ED}.Release|Any CPU.ActiveCfg = Release|Any CPU
		{646E6E68-7AC4-418F-B418-2CE9BF2E15ED}.Release|Any CPU.Build.0 = Release|Any CPU
	EndGlobalSection
	GlobalSection(SolutionProperties) = preSolution
		HideSolutionNode = FALSE
	EndGlobalSection
	GlobalSection(ExtensibilityGlobals) = postSolution
		SolutionGuid = {19A0C470-EE33-47CB-8E13-317AD925BCDA}
	EndGlobalSection
EndGlobal
