
Microsoft Visual Studio Solution File, Format Version 12.00
# Visual Studio 15
VisualStudioVersion = 15.0.28010.2036
MinimumVisualStudioVersion = 10.0.40219.1
Project("{9A19103F-16F7-4668-BE54-9A1E7A4F7556}") = "SumDigits", "DataTypesAndVariablesExercise\SumDigits.csproj", "{AC1D36A9-BFB3-4882-892D-6C49705A93DE}"
EndProject
Project("{9A19103F-16F7-4668-BE54-9A1E7A4F7556}") = "CharToString", "CharToString\CharToString.csproj", "{E9E7DDBD-F4C8-45FF-85CF-37DCAD8EF2D9}"
EndProject
Project("{9A19103F-16F7-4668-BE54-9A1E7A4F7556}") = "TownInfo", "TownInfo\TownInfo.csproj", "{048CD462-8FC9-4A51-92B3-11A597D6D83C}"
EndProject
Project("{9A19103F-16F7-4668-BE54-9A1E7A4F7556}") = "ConvertorMetersToKilometers", "ConvertorMetersToKilometers\ConvertorMetersToKilometers.csproj", "{2FB1EF9D-FC4C-4CF4-BDB9-31606EAD4E6C}"
EndProject
Project("{9A19103F-16F7-4668-BE54-9A1E7A4F7556}") = "ConventorPoundsToDollars", "ConventorPoundsToDollars\ConventorPoundsToDollars.csproj", "{4927F7DA-47F7-4BA6-930B-D87137479D30}"
EndProject
Project("{9A19103F-16F7-4668-BE54-9A1E7A4F7556}") = "ReverseChars", "ReverseChars\ReverseChars.csproj", "{40B1C438-3C2B-4BB1-BCE1-92C1989D1576}"
EndProject
Project("{9A19103F-16F7-4668-BE54-9A1E7A4F7556}") = "LowerOrUpper", "LowerOrUpper\LowerOrUpper.csproj", "{D625E246-4BC6-42D0-9149-5560D7E80E71}"
EndProject
Project("{9A19103F-16F7-4668-BE54-9A1E7A4F7556}") = "Snowballs", "Snowballs\Snowballs.csproj", "{14DBB4C8-8C38-45FB-9149-B30AD977B9A1}"
EndProject
Project("{9A19103F-16F7-4668-BE54-9A1E7A4F7556}") = "ConventorUpperOrLowerLatter", "ConventorUpperOrLowerLatter\ConventorUpperOrLowerLatter.csproj", "{C3E558F8-9C0D-4814-B7E3-AD457076580D}"
EndProject
Project("{FAE04EC0-301F-11D3-BF4B-00C04F79EFBC}") = "PokeMon", "PokeMon\PokeMon.csproj", "{7CCA01E0-B6FE-49E5-9ACE-9FE89E9520BF}"
EndProject
Global
	GlobalSection(SolutionConfigurationPlatforms) = preSolution
		Debug|Any CPU = Debug|Any CPU
		Release|Any CPU = Release|Any CPU
	EndGlobalSection
	GlobalSection(ProjectConfigurationPlatforms) = postSolution
		{AC1D36A9-BFB3-4882-892D-6C49705A93DE}.Debug|Any CPU.ActiveCfg = Debug|Any CPU
		{AC1D36A9-BFB3-4882-892D-6C49705A93DE}.Debug|Any CPU.Build.0 = Debug|Any CPU
		{AC1D36A9-BFB3-4882-892D-6C49705A93DE}.Release|Any CPU.ActiveCfg = Release|Any CPU
		{AC1D36A9-BFB3-4882-892D-6C49705A93DE}.Release|Any CPU.Build.0 = Release|Any CPU
		{E9E7DDBD-F4C8-45FF-85CF-37DCAD8EF2D9}.Debug|Any CPU.ActiveCfg = Debug|Any CPU
		{E9E7DDBD-F4C8-45FF-85CF-37DCAD8EF2D9}.Debug|Any CPU.Build.0 = Debug|Any CPU
		{E9E7DDBD-F4C8-45FF-85CF-37DCAD8EF2D9}.Release|Any CPU.ActiveCfg = Release|Any CPU
		{E9E7DDBD-F4C8-45FF-85CF-37DCAD8EF2D9}.Release|Any CPU.Build.0 = Release|Any CPU
		{048CD462-8FC9-4A51-92B3-11A597D6D83C}.Debug|Any CPU.ActiveCfg = Debug|Any CPU
		{048CD462-8FC9-4A51-92B3-11A597D6D83C}.Debug|Any CPU.Build.0 = Debug|Any CPU
		{048CD462-8FC9-4A51-92B3-11A597D6D83C}.Release|Any CPU.ActiveCfg = Release|Any CPU
		{048CD462-8FC9-4A51-92B3-11A597D6D83C}.Release|Any CPU.Build.0 = Release|Any CPU
		{2FB1EF9D-FC4C-4CF4-BDB9-31606EAD4E6C}.Debug|Any CPU.ActiveCfg = Debug|Any CPU
		{2FB1EF9D-FC4C-4CF4-BDB9-31606EAD4E6C}.Debug|Any CPU.Build.0 = Debug|Any CPU
		{2FB1EF9D-FC4C-4CF4-BDB9-31606EAD4E6C}.Release|Any CPU.ActiveCfg = Release|Any CPU
		{2FB1EF9D-FC4C-4CF4-BDB9-31606EAD4E6C}.Release|Any CPU.Build.0 = Release|Any CPU
		{4927F7DA-47F7-4BA6-930B-D87137479D30}.Debug|Any CPU.ActiveCfg = Debug|Any CPU
		{4927F7DA-47F7-4BA6-930B-D87137479D30}.Debug|Any CPU.Build.0 = Debug|Any CPU
		{4927F7DA-47F7-4BA6-930B-D87137479D30}.Release|Any CPU.ActiveCfg = Release|Any CPU
		{4927F7DA-47F7-4BA6-930B-D87137479D30}.Release|Any CPU.Build.0 = Release|Any CPU
		{40B1C438-3C2B-4BB1-BCE1-92C1989D1576}.Debug|Any CPU.ActiveCfg = Debug|Any CPU
		{40B1C438-3C2B-4BB1-BCE1-92C1989D1576}.Debug|Any CPU.Build.0 = Debug|Any CPU
		{40B1C438-3C2B-4BB1-BCE1-92C1989D1576}.Release|Any CPU.ActiveCfg = Release|Any CPU
		{40B1C438-3C2B-4BB1-BCE1-92C1989D1576}.Release|Any CPU.Build.0 = Release|Any CPU
		{D625E246-4BC6-42D0-9149-5560D7E80E71}.Debug|Any CPU.ActiveCfg = Debug|Any CPU
		{D625E246-4BC6-42D0-9149-5560D7E80E71}.Debug|Any CPU.Build.0 = Debug|Any CPU
		{D625E246-4BC6-42D0-9149-5560D7E80E71}.Release|Any CPU.ActiveCfg = Release|Any CPU
		{D625E246-4BC6-42D0-9149-5560D7E80E71}.Release|Any CPU.Build.0 = Release|Any CPU
		{14DBB4C8-8C38-45FB-9149-B30AD977B9A1}.Debug|Any CPU.ActiveCfg = Debug|Any CPU
		{14DBB4C8-8C38-45FB-9149-B30AD977B9A1}.Debug|Any CPU.Build.0 = Debug|Any CPU
		{14DBB4C8-8C38-45FB-9149-B30AD977B9A1}.Release|Any CPU.ActiveCfg = Release|Any CPU
		{14DBB4C8-8C38-45FB-9149-B30AD977B9A1}.Release|Any CPU.Build.0 = Release|Any CPU
		{C3E558F8-9C0D-4814-B7E3-AD457076580D}.Debug|Any CPU.ActiveCfg = Debug|Any CPU
		{C3E558F8-9C0D-4814-B7E3-AD457076580D}.Debug|Any CPU.Build.0 = Debug|Any CPU
		{C3E558F8-9C0D-4814-B7E3-AD457076580D}.Release|Any CPU.ActiveCfg = Release|Any CPU
		{C3E558F8-9C0D-4814-B7E3-AD457076580D}.Release|Any CPU.Build.0 = Release|Any CPU
		{7CCA01E0-B6FE-49E5-9ACE-9FE89E9520BF}.Debug|Any CPU.ActiveCfg = Debug|Any CPU
		{7CCA01E0-B6FE-49E5-9ACE-9FE89E9520BF}.Debug|Any CPU.Build.0 = Debug|Any CPU
		{7CCA01E0-B6FE-49E5-9ACE-9FE89E9520BF}.Release|Any CPU.ActiveCfg = Release|Any CPU
		{7CCA01E0-B6FE-49E5-9ACE-9FE89E9520BF}.Release|Any CPU.Build.0 = Release|Any CPU
	EndGlobalSection
	GlobalSection(SolutionProperties) = preSolution
		HideSolutionNode = FALSE
	EndGlobalSection
	GlobalSection(ExtensibilityGlobals) = postSolution
		SolutionGuid = {E7710084-FF96-4BBA-AE51-71C3D600FF0B}
	EndGlobalSection
EndGlobal
