
Microsoft Visual Studio Solution File, Format Version 12.00
# Visual Studio 15
VisualStudioVersion = 15.0.28307.168
MinimumVisualStudioVersion = 10.0.40219.1
Project("{9A19103F-16F7-4668-BE54-9A1E7A4F7556}") = "MatchFullName", "MatchFullName\MatchFullName.csproj", "{D4475B34-0AFF-4B31-9346-7C11AA2E65CE}"
EndProject
Project("{9A19103F-16F7-4668-BE54-9A1E7A4F7556}") = "MatchPhoneNumber", "MatchPhoneNumber\MatchPhoneNumber.csproj", "{267EA0F7-BC4A-4CC6-B44E-B0F505BA8F2F}"
EndProject
Project("{9A19103F-16F7-4668-BE54-9A1E7A4F7556}") = "MatchDates", "MatchDates\MatchDates.csproj", "{F9CAC8B9-65EC-412A-AD6E-DB022F72873F}"
EndProject
Project("{9A19103F-16F7-4668-BE54-9A1E7A4F7556}") = "MatchNumbers", "MatchNumbers\MatchNumbers.csproj", "{100CB208-A873-4495-B433-5B2A6A6ABED9}"
EndProject
Project("{FAE04EC0-301F-11D3-BF4B-00C04F79EFBC}") = "ExtractEmails", "ExtractEmails\ExtractEmails.csproj", "{016526D5-D0CA-461A-8801-4637176714DF}"
EndProject
Project("{FAE04EC0-301F-11D3-BF4B-00C04F79EFBC}") = "Furniture", "Furniture\Furniture.csproj", "{E330C7F8-2249-4D9D-A96F-FB6C9D374CA1}"
EndProject
Global
	GlobalSection(SolutionConfigurationPlatforms) = preSolution
		Debug|Any CPU = Debug|Any CPU
		Release|Any CPU = Release|Any CPU
	EndGlobalSection
	GlobalSection(ProjectConfigurationPlatforms) = postSolution
		{D4475B34-0AFF-4B31-9346-7C11AA2E65CE}.Debug|Any CPU.ActiveCfg = Debug|Any CPU
		{D4475B34-0AFF-4B31-9346-7C11AA2E65CE}.Debug|Any CPU.Build.0 = Debug|Any CPU
		{D4475B34-0AFF-4B31-9346-7C11AA2E65CE}.Release|Any CPU.ActiveCfg = Release|Any CPU
		{D4475B34-0AFF-4B31-9346-7C11AA2E65CE}.Release|Any CPU.Build.0 = Release|Any CPU
		{267EA0F7-BC4A-4CC6-B44E-B0F505BA8F2F}.Debug|Any CPU.ActiveCfg = Debug|Any CPU
		{267EA0F7-BC4A-4CC6-B44E-B0F505BA8F2F}.Debug|Any CPU.Build.0 = Debug|Any CPU
		{267EA0F7-BC4A-4CC6-B44E-B0F505BA8F2F}.Release|Any CPU.ActiveCfg = Release|Any CPU
		{267EA0F7-BC4A-4CC6-B44E-B0F505BA8F2F}.Release|Any CPU.Build.0 = Release|Any CPU
		{F9CAC8B9-65EC-412A-AD6E-DB022F72873F}.Debug|Any CPU.ActiveCfg = Debug|Any CPU
		{F9CAC8B9-65EC-412A-AD6E-DB022F72873F}.Debug|Any CPU.Build.0 = Debug|Any CPU
		{F9CAC8B9-65EC-412A-AD6E-DB022F72873F}.Release|Any CPU.ActiveCfg = Release|Any CPU
		{F9CAC8B9-65EC-412A-AD6E-DB022F72873F}.Release|Any CPU.Build.0 = Release|Any CPU
		{100CB208-A873-4495-B433-5B2A6A6ABED9}.Debug|Any CPU.ActiveCfg = Debug|Any CPU
		{100CB208-A873-4495-B433-5B2A6A6ABED9}.Debug|Any CPU.Build.0 = Debug|Any CPU
		{100CB208-A873-4495-B433-5B2A6A6ABED9}.Release|Any CPU.ActiveCfg = Release|Any CPU
		{100CB208-A873-4495-B433-5B2A6A6ABED9}.Release|Any CPU.Build.0 = Release|Any CPU
		{016526D5-D0CA-461A-8801-4637176714DF}.Debug|Any CPU.ActiveCfg = Debug|Any CPU
		{016526D5-D0CA-461A-8801-4637176714DF}.Debug|Any CPU.Build.0 = Debug|Any CPU
		{016526D5-D0CA-461A-8801-4637176714DF}.Release|Any CPU.ActiveCfg = Release|Any CPU
		{016526D5-D0CA-461A-8801-4637176714DF}.Release|Any CPU.Build.0 = Release|Any CPU
		{E330C7F8-2249-4D9D-A96F-FB6C9D374CA1}.Debug|Any CPU.ActiveCfg = Debug|Any CPU
		{E330C7F8-2249-4D9D-A96F-FB6C9D374CA1}.Debug|Any CPU.Build.0 = Debug|Any CPU
		{E330C7F8-2249-4D9D-A96F-FB6C9D374CA1}.Release|Any CPU.ActiveCfg = Release|Any CPU
		{E330C7F8-2249-4D9D-A96F-FB6C9D374CA1}.Release|Any CPU.Build.0 = Release|Any CPU
	EndGlobalSection
	GlobalSection(SolutionProperties) = preSolution
		HideSolutionNode = FALSE
	EndGlobalSection
	GlobalSection(ExtensibilityGlobals) = postSolution
		SolutionGuid = {923E20CA-ED5B-4B39-80B8-5C3ECBCDAAD8}
	EndGlobalSection
EndGlobal
