
Microsoft Visual Studio Solution File, Format Version 12.00
# Visual Studio 15
VisualStudioVersion = 15.0.28010.2036
MinimumVisualStudioVersion = 10.0.40219.1
Project("{FAE04EC0-301F-11D3-BF4B-00C04F79EFBC}") = "SortNumbers", "SortNumbers\SortNumbers.csproj", "{802B8990-E8A6-4002-BE22-770BD9CBFC81}"
EndProject
Project("{FAE04EC0-301F-11D3-BF4B-00C04F79EFBC}") = "LastDigitOnEnglish", "LastDigitOnEnglish\LastDigitOnEnglish.csproj", "{96D724B9-9FBB-4F5D-9DF8-2CEC45D29127}"
EndProject
Project("{FAE04EC0-301F-11D3-BF4B-00C04F79EFBC}") = "GameStore", "GameStore\GameStore.csproj", "{953159FA-9AC0-439C-9FE6-DE04A654992E}"
EndProject
Project("{FAE04EC0-301F-11D3-BF4B-00C04F79EFBC}") = "ReverseString", "ReverseString\ReverseString.csproj", "{7F4A3B5C-38A1-41CF-9FAA-9CDA09363AF4}"
EndProject
Project("{FAE04EC0-301F-11D3-BF4B-00C04F79EFBC}") = "Messages", "Messages\Messages.csproj", "{6753CD8A-BDF6-4CAB-B24A-790F1078F74A}"
EndProject
Global
	GlobalSection(SolutionConfigurationPlatforms) = preSolution
		Debug|Any CPU = Debug|Any CPU
		Release|Any CPU = Release|Any CPU
	EndGlobalSection
	GlobalSection(ProjectConfigurationPlatforms) = postSolution
		{802B8990-E8A6-4002-BE22-770BD9CBFC81}.Debug|Any CPU.ActiveCfg = Debug|Any CPU
		{802B8990-E8A6-4002-BE22-770BD9CBFC81}.Debug|Any CPU.Build.0 = Debug|Any CPU
		{802B8990-E8A6-4002-BE22-770BD9CBFC81}.Release|Any CPU.ActiveCfg = Release|Any CPU
		{802B8990-E8A6-4002-BE22-770BD9CBFC81}.Release|Any CPU.Build.0 = Release|Any CPU
		{96D724B9-9FBB-4F5D-9DF8-2CEC45D29127}.Debug|Any CPU.ActiveCfg = Debug|Any CPU
		{96D724B9-9FBB-4F5D-9DF8-2CEC45D29127}.Debug|Any CPU.Build.0 = Debug|Any CPU
		{96D724B9-9FBB-4F5D-9DF8-2CEC45D29127}.Release|Any CPU.ActiveCfg = Release|Any CPU
		{96D724B9-9FBB-4F5D-9DF8-2CEC45D29127}.Release|Any CPU.Build.0 = Release|Any CPU
		{953159FA-9AC0-439C-9FE6-DE04A654992E}.Debug|Any CPU.ActiveCfg = Debug|Any CPU
		{953159FA-9AC0-439C-9FE6-DE04A654992E}.Debug|Any CPU.Build.0 = Debug|Any CPU
		{953159FA-9AC0-439C-9FE6-DE04A654992E}.Release|Any CPU.ActiveCfg = Release|Any CPU
		{953159FA-9AC0-439C-9FE6-DE04A654992E}.Release|Any CPU.Build.0 = Release|Any CPU
		{7F4A3B5C-38A1-41CF-9FAA-9CDA09363AF4}.Debug|Any CPU.ActiveCfg = Debug|Any CPU
		{7F4A3B5C-38A1-41CF-9FAA-9CDA09363AF4}.Debug|Any CPU.Build.0 = Debug|Any CPU
		{7F4A3B5C-38A1-41CF-9FAA-9CDA09363AF4}.Release|Any CPU.ActiveCfg = Release|Any CPU
		{7F4A3B5C-38A1-41CF-9FAA-9CDA09363AF4}.Release|Any CPU.Build.0 = Release|Any CPU
		{6753CD8A-BDF6-4CAB-B24A-790F1078F74A}.Debug|Any CPU.ActiveCfg = Debug|Any CPU
		{6753CD8A-BDF6-4CAB-B24A-790F1078F74A}.Debug|Any CPU.Build.0 = Debug|Any CPU
		{6753CD8A-BDF6-4CAB-B24A-790F1078F74A}.Release|Any CPU.ActiveCfg = Release|Any CPU
		{6753CD8A-BDF6-4CAB-B24A-790F1078F74A}.Release|Any CPU.Build.0 = Release|Any CPU
	EndGlobalSection
	GlobalSection(SolutionProperties) = preSolution
		HideSolutionNode = FALSE
	EndGlobalSection
	GlobalSection(ExtensibilityGlobals) = postSolution
		SolutionGuid = {071B1960-850F-4004-B9A6-682B6EA179A9}
	EndGlobalSection
EndGlobal
