
Microsoft Visual Studio Solution File, Format Version 12.00
# Visual Studio 15
VisualStudioVersion = 15.0.28010.2036
MinimumVisualStudioVersion = 10.0.40219.1
Project("{9A19103F-16F7-4668-BE54-9A1E7A4F7556}") = "SmallestOfThreeNumbers", "SmallestOfThreeNumbers\SmallestOfThreeNumbers.csproj", "{F23EC8A6-54EA-4E00-923A-8B0FDB618539}"
EndProject
Project("{9A19103F-16F7-4668-BE54-9A1E7A4F7556}") = "VowelsCount", "VowelsCount\VowelsCount.csproj", "{DEBDBFBE-F575-4C68-BDBC-3E2C54176BE1}"
EndProject
Project("{9A19103F-16F7-4668-BE54-9A1E7A4F7556}") = "CharactersInRange", "CharactersInRange\CharactersInRange.csproj", "{5FCE0BF7-9CBB-485A-9A80-11B3E3087DC7}"
EndProject
Project("{9A19103F-16F7-4668-BE54-9A1E7A4F7556}") = "PasswordValidator", "PasswordValidator\PasswordValidator.csproj", "{2D7792F2-36B9-45F6-A5A7-08D787B7E5CD}"
EndProject
Project("{9A19103F-16F7-4668-BE54-9A1E7A4F7556}") = "AddAndSubtract", "AddAndSubstract\AddAndSubtract.csproj", "{F9CF2FE3-B752-47EB-9AA5-BC8EBAF7FED7}"
EndProject
Project("{9A19103F-16F7-4668-BE54-9A1E7A4F7556}") = "MiddleCharacter", "MiddleCharacter\MiddleCharacter.csproj", "{B5231B95-8893-41B4-A11C-F3E5236652FF}"
EndProject
Project("{9A19103F-16F7-4668-BE54-9A1E7A4F7556}") = "PrintMatrixOfANum", "PrintMatrixOfANum\PrintMatrixOfANum.csproj", "{B1EB6FD4-AAB6-45F5-ABFC-580648637818}"
EndProject
Project("{9A19103F-16F7-4668-BE54-9A1E7A4F7556}") = "FactorialDivision", "FactorialDivision\FactorialDivision.csproj", "{F5411295-D20A-4701-AEC4-223FFACFCE3C}"
EndProject
Project("{9A19103F-16F7-4668-BE54-9A1E7A4F7556}") = "PalindromeIntegers", "PalindromeIntegers\PalindromeIntegers.csproj", "{248FF7E8-15ED-4E98-ABAF-EB8B13DE712F}"
EndProject
Project("{9A19103F-16F7-4668-BE54-9A1E7A4F7556}") = "TopNumber", "TopNumber\TopNumber.csproj", "{EE526B00-1FBA-41AD-BDC8-C951825DA714}"
EndProject
Project("{9A19103F-16F7-4668-BE54-9A1E7A4F7556}") = "ArrayManipulator", "ArrayManipulator\ArrayManipulator.csproj", "{09553EE2-3DF3-4BDF-9FEE-84CFF93C06A2}"
EndProject
Project("{FAE04EC0-301F-11D3-BF4B-00C04F79EFBC}") = "ArrayManipulatorRefactored", "ArrayManipulatorRefactored\ArrayManipulatorRefactored.csproj", "{9DC2B788-191E-4518-B605-1167A25CA8B0}"
EndProject
Global
	GlobalSection(SolutionConfigurationPlatforms) = preSolution
		Debug|Any CPU = Debug|Any CPU
		Release|Any CPU = Release|Any CPU
	EndGlobalSection
	GlobalSection(ProjectConfigurationPlatforms) = postSolution
		{F23EC8A6-54EA-4E00-923A-8B0FDB618539}.Debug|Any CPU.ActiveCfg = Debug|Any CPU
		{F23EC8A6-54EA-4E00-923A-8B0FDB618539}.Debug|Any CPU.Build.0 = Debug|Any CPU
		{F23EC8A6-54EA-4E00-923A-8B0FDB618539}.Release|Any CPU.ActiveCfg = Release|Any CPU
		{F23EC8A6-54EA-4E00-923A-8B0FDB618539}.Release|Any CPU.Build.0 = Release|Any CPU
		{DEBDBFBE-F575-4C68-BDBC-3E2C54176BE1}.Debug|Any CPU.ActiveCfg = Debug|Any CPU
		{DEBDBFBE-F575-4C68-BDBC-3E2C54176BE1}.Debug|Any CPU.Build.0 = Debug|Any CPU
		{DEBDBFBE-F575-4C68-BDBC-3E2C54176BE1}.Release|Any CPU.ActiveCfg = Release|Any CPU
		{DEBDBFBE-F575-4C68-BDBC-3E2C54176BE1}.Release|Any CPU.Build.0 = Release|Any CPU
		{5FCE0BF7-9CBB-485A-9A80-11B3E3087DC7}.Debug|Any CPU.ActiveCfg = Debug|Any CPU
		{5FCE0BF7-9CBB-485A-9A80-11B3E3087DC7}.Debug|Any CPU.Build.0 = Debug|Any CPU
		{5FCE0BF7-9CBB-485A-9A80-11B3E3087DC7}.Release|Any CPU.ActiveCfg = Release|Any CPU
		{5FCE0BF7-9CBB-485A-9A80-11B3E3087DC7}.Release|Any CPU.Build.0 = Release|Any CPU
		{2D7792F2-36B9-45F6-A5A7-08D787B7E5CD}.Debug|Any CPU.ActiveCfg = Debug|Any CPU
		{2D7792F2-36B9-45F6-A5A7-08D787B7E5CD}.Debug|Any CPU.Build.0 = Debug|Any CPU
		{2D7792F2-36B9-45F6-A5A7-08D787B7E5CD}.Release|Any CPU.ActiveCfg = Release|Any CPU
		{2D7792F2-36B9-45F6-A5A7-08D787B7E5CD}.Release|Any CPU.Build.0 = Release|Any CPU
		{F9CF2FE3-B752-47EB-9AA5-BC8EBAF7FED7}.Debug|Any CPU.ActiveCfg = Debug|Any CPU
		{F9CF2FE3-B752-47EB-9AA5-BC8EBAF7FED7}.Debug|Any CPU.Build.0 = Debug|Any CPU
		{F9CF2FE3-B752-47EB-9AA5-BC8EBAF7FED7}.Release|Any CPU.ActiveCfg = Release|Any CPU
		{F9CF2FE3-B752-47EB-9AA5-BC8EBAF7FED7}.Release|Any CPU.Build.0 = Release|Any CPU
		{B5231B95-8893-41B4-A11C-F3E5236652FF}.Debug|Any CPU.ActiveCfg = Debug|Any CPU
		{B5231B95-8893-41B4-A11C-F3E5236652FF}.Debug|Any CPU.Build.0 = Debug|Any CPU
		{B5231B95-8893-41B4-A11C-F3E5236652FF}.Release|Any CPU.ActiveCfg = Release|Any CPU
		{B5231B95-8893-41B4-A11C-F3E5236652FF}.Release|Any CPU.Build.0 = Release|Any CPU
		{B1EB6FD4-AAB6-45F5-ABFC-580648637818}.Debug|Any CPU.ActiveCfg = Debug|Any CPU
		{B1EB6FD4-AAB6-45F5-ABFC-580648637818}.Debug|Any CPU.Build.0 = Debug|Any CPU
		{B1EB6FD4-AAB6-45F5-ABFC-580648637818}.Release|Any CPU.ActiveCfg = Release|Any CPU
		{B1EB6FD4-AAB6-45F5-ABFC-580648637818}.Release|Any CPU.Build.0 = Release|Any CPU
		{F5411295-D20A-4701-AEC4-223FFACFCE3C}.Debug|Any CPU.ActiveCfg = Debug|Any CPU
		{F5411295-D20A-4701-AEC4-223FFACFCE3C}.Debug|Any CPU.Build.0 = Debug|Any CPU
		{F5411295-D20A-4701-AEC4-223FFACFCE3C}.Release|Any CPU.ActiveCfg = Release|Any CPU
		{F5411295-D20A-4701-AEC4-223FFACFCE3C}.Release|Any CPU.Build.0 = Release|Any CPU
		{248FF7E8-15ED-4E98-ABAF-EB8B13DE712F}.Debug|Any CPU.ActiveCfg = Debug|Any CPU
		{248FF7E8-15ED-4E98-ABAF-EB8B13DE712F}.Debug|Any CPU.Build.0 = Debug|Any CPU
		{248FF7E8-15ED-4E98-ABAF-EB8B13DE712F}.Release|Any CPU.ActiveCfg = Release|Any CPU
		{248FF7E8-15ED-4E98-ABAF-EB8B13DE712F}.Release|Any CPU.Build.0 = Release|Any CPU
		{EE526B00-1FBA-41AD-BDC8-C951825DA714}.Debug|Any CPU.ActiveCfg = Debug|Any CPU
		{EE526B00-1FBA-41AD-BDC8-C951825DA714}.Debug|Any CPU.Build.0 = Debug|Any CPU
		{EE526B00-1FBA-41AD-BDC8-C951825DA714}.Release|Any CPU.ActiveCfg = Release|Any CPU
		{EE526B00-1FBA-41AD-BDC8-C951825DA714}.Release|Any CPU.Build.0 = Release|Any CPU
		{09553EE2-3DF3-4BDF-9FEE-84CFF93C06A2}.Debug|Any CPU.ActiveCfg = Debug|Any CPU
		{09553EE2-3DF3-4BDF-9FEE-84CFF93C06A2}.Debug|Any CPU.Build.0 = Debug|Any CPU
		{09553EE2-3DF3-4BDF-9FEE-84CFF93C06A2}.Release|Any CPU.ActiveCfg = Release|Any CPU
		{09553EE2-3DF3-4BDF-9FEE-84CFF93C06A2}.Release|Any CPU.Build.0 = Release|Any CPU
		{9DC2B788-191E-4518-B605-1167A25CA8B0}.Debug|Any CPU.ActiveCfg = Debug|Any CPU
		{9DC2B788-191E-4518-B605-1167A25CA8B0}.Debug|Any CPU.Build.0 = Debug|Any CPU
		{9DC2B788-191E-4518-B605-1167A25CA8B0}.Release|Any CPU.ActiveCfg = Release|Any CPU
		{9DC2B788-191E-4518-B605-1167A25CA8B0}.Release|Any CPU.Build.0 = Release|Any CPU
	EndGlobalSection
	GlobalSection(SolutionProperties) = preSolution
		HideSolutionNode = FALSE
	EndGlobalSection
	GlobalSection(ExtensibilityGlobals) = postSolution
		SolutionGuid = {0D137C74-925E-4ECA-9A44-9F2DF0675B78}
	EndGlobalSection
EndGlobal
